
Microsoft Visual Studio Solution File, Format Version 12.00
# Visual Studio Version 16
VisualStudioVersion = 16.0.28803.202
MinimumVisualStudioVersion = 10.0.40219.1
Project("{FAE04EC0-301F-11D3-BF4B-00C04F79EFBC}") = "Torpedo", "Torpedo\Torpedo.csproj", "{BA33133A-6F48-4C51-A8A5-3C9F9B901700}"
EndProject
Global
	GlobalSection(SolutionConfigurationPlatforms) = preSolution
		Debug|Any CPU = Debug|Any CPU
		Release|Any CPU = Release|Any CPU
	EndGlobalSection
	GlobalSection(ProjectConfigurationPlatforms) = postSolution
		{BA33133A-6F48-4C51-A8A5-3C9F9B901700}.Debug|Any CPU.ActiveCfg = Debug|Any CPU
		{BA33133A-6F48-4C51-A8A5-3C9F9B901700}.Debug|Any CPU.Build.0 = Debug|Any CPU
		{BA33133A-6F48-4C51-A8A5-3C9F9B901700}.Release|Any CPU.ActiveCfg = Release|Any CPU
		{BA33133A-6F48-4C51-A8A5-3C9F9B901700}.Release|Any CPU.Build.0 = Release|Any CPU
	EndGlobalSection
	GlobalSection(SolutionProperties) = preSolution
		HideSolutionNode = FALSE
	EndGlobalSection
	GlobalSection(ExtensibilityGlobals) = postSolution
		SolutionGuid = {9001BA57-5977-4B98-8A7E-2C630B514E78}
	EndGlobalSection
EndGlobal
